
Microsoft Visual Studio Solution File, Format Version 12.00
# Visual Studio Version 17
VisualStudioVersion = 17.7.34031.279
MinimumVisualStudioVersion = 10.0.40219.1
Project("{FAE04EC0-301F-11D3-BF4B-00C04F79EFBC}") = "Module15.Practice", "Module15.Practice\Module15.Practice.csproj", "{B2031DE3-E136-439B-A369-CD3831C2109C}"
EndProject
Global
	GlobalSection(SolutionConfigurationPlatforms) = preSolution
		Debug|Any CPU = Debug|Any CPU
		Release|Any CPU = Release|Any CPU
	EndGlobalSection
	GlobalSection(ProjectConfigurationPlatforms) = postSolution
		{B2031DE3-E136-439B-A369-CD3831C2109C}.Debug|Any CPU.ActiveCfg = Debug|Any CPU
		{B2031DE3-E136-439B-A369-CD3831C2109C}.Debug|Any CPU.Build.0 = Debug|Any CPU
		{B2031DE3-E136-439B-A369-CD3831C2109C}.Release|Any CPU.ActiveCfg = Release|Any CPU
		{B2031DE3-E136-439B-A369-CD3831C2109C}.Release|Any CPU.Build.0 = Release|Any CPU
	EndGlobalSection
	GlobalSection(SolutionProperties) = preSolution
		HideSolutionNode = FALSE
	EndGlobalSection
	GlobalSection(ExtensibilityGlobals) = postSolution
		SolutionGuid = {1592EAE6-54BA-480F-8265-E14B5E059296}
	EndGlobalSection
EndGlobal
